
Microsoft Visual Studio Solution File, Format Version 12.00
# Visual Studio Version 17
VisualStudioVersion = 17.12.35707.178
MinimumVisualStudioVersion = 10.0.40219.1
Project("{FAE04EC0-301F-11D3-BF4B-00C04F79EFBC}") = "TaskManagerGUI", "TaskManagerGUI.csproj", "{8209C096-E8B1-4B6E-A805-5C1FD908873C}"
EndProject
Project("{FAE04EC0-301F-11D3-BF4B-00C04F79EFBC}") = "SharedModels", "..\..\SharedModels\SharedModels\SharedModels.csproj", "{35D0C0F2-AE5D-4643-AAEA-645553B4C656}"
EndProject
Global
	GlobalSection(SolutionConfigurationPlatforms) = preSolution
		Debug|Any CPU = Debug|Any CPU
		Release|Any CPU = Release|Any CPU
	EndGlobalSection
	GlobalSection(ProjectConfigurationPlatforms) = postSolution
		{8209C096-E8B1-4B6E-A805-5C1FD908873C}.Debug|Any CPU.ActiveCfg = Debug|Any CPU
		{8209C096-E8B1-4B6E-A805-5C1FD908873C}.Debug|Any CPU.Build.0 = Debug|Any CPU
		{8209C096-E8B1-4B6E-A805-5C1FD908873C}.Release|Any CPU.ActiveCfg = Release|Any CPU
		{8209C096-E8B1-4B6E-A805-5C1FD908873C}.Release|Any CPU.Build.0 = Release|Any CPU
		{35D0C0F2-AE5D-4643-AAEA-645553B4C656}.Debug|Any CPU.ActiveCfg = Debug|Any CPU
		{35D0C0F2-AE5D-4643-AAEA-645553B4C656}.Debug|Any CPU.Build.0 = Debug|Any CPU
		{35D0C0F2-AE5D-4643-AAEA-645553B4C656}.Release|Any CPU.ActiveCfg = Release|Any CPU
		{35D0C0F2-AE5D-4643-AAEA-645553B4C656}.Release|Any CPU.Build.0 = Release|Any CPU
	EndGlobalSection
	GlobalSection(SolutionProperties) = preSolution
		HideSolutionNode = FALSE
	EndGlobalSection
EndGlobal
