
Microsoft Visual Studio Solution File, Format Version 12.00
# Visual Studio Version 17
VisualStudioVersion = 17.12.35707.178
MinimumVisualStudioVersion = 10.0.40219.1
Project("{FAE04EC0-301F-11D3-BF4B-00C04F79EFBC}") = "TaskManagerGUI", "TaskManagerGUI.csproj", "{8209C096-E8B1-4B6E-A805-5C1FD908873C}"
EndProject
Project("{2150E333-8FDC-42A3-9474-1A3956D46DE8}") = "Tests", "Tests", "{A3CA8415-31AE-468A-B7FD-7C2A7B16528A}"
EndProject
Project("{FAE04EC0-301F-11D3-BF4B-00C04F79EFBC}") = "TaskManagerGUITests", "Tests\TaskManagerGUITests\TaskManagerGUITests.csproj", "{942A2A11-8114-4042-B724-5B86DE5F92DD}"
EndProject
Project("{FAE04EC0-301F-11D3-BF4B-00C04F79EFBC}") = "SharedModels", "..\..\SharedModels\TaskManager.SharedModels\SharedModels.csproj", "{1558DF38-12F1-4DA9-8D77-F10F1DF790D0}"
EndProject
Global
	GlobalSection(SolutionConfigurationPlatforms) = preSolution
		Debug|Any CPU = Debug|Any CPU
		Release|Any CPU = Release|Any CPU
	EndGlobalSection
	GlobalSection(ProjectConfigurationPlatforms) = postSolution
		{8209C096-E8B1-4B6E-A805-5C1FD908873C}.Debug|Any CPU.ActiveCfg = Debug|Any CPU
		{8209C096-E8B1-4B6E-A805-5C1FD908873C}.Debug|Any CPU.Build.0 = Debug|Any CPU
		{8209C096-E8B1-4B6E-A805-5C1FD908873C}.Release|Any CPU.ActiveCfg = Release|Any CPU
		{8209C096-E8B1-4B6E-A805-5C1FD908873C}.Release|Any CPU.Build.0 = Release|Any CPU
		{942A2A11-8114-4042-B724-5B86DE5F92DD}.Debug|Any CPU.ActiveCfg = Debug|Any CPU
		{942A2A11-8114-4042-B724-5B86DE5F92DD}.Debug|Any CPU.Build.0 = Debug|Any CPU
		{942A2A11-8114-4042-B724-5B86DE5F92DD}.Release|Any CPU.ActiveCfg = Release|Any CPU
		{942A2A11-8114-4042-B724-5B86DE5F92DD}.Release|Any CPU.Build.0 = Release|Any CPU
		{1558DF38-12F1-4DA9-8D77-F10F1DF790D0}.Debug|Any CPU.ActiveCfg = Debug|Any CPU
		{1558DF38-12F1-4DA9-8D77-F10F1DF790D0}.Debug|Any CPU.Build.0 = Debug|Any CPU
		{1558DF38-12F1-4DA9-8D77-F10F1DF790D0}.Release|Any CPU.ActiveCfg = Release|Any CPU
		{1558DF38-12F1-4DA9-8D77-F10F1DF790D0}.Release|Any CPU.Build.0 = Release|Any CPU
	EndGlobalSection
	GlobalSection(SolutionProperties) = preSolution
		HideSolutionNode = FALSE
	EndGlobalSection
	GlobalSection(NestedProjects) = preSolution
		{942A2A11-8114-4042-B724-5B86DE5F92DD} = {A3CA8415-31AE-468A-B7FD-7C2A7B16528A}
	EndGlobalSection
EndGlobal
